
Microsoft Visual Studio Solution File, Format Version 12.00
# Visual Studio Version 17
VisualStudioVersion = 17.2.32616.157
MinimumVisualStudioVersion = 10.0.40219.1
Project("{9A19103F-16F7-4668-BE54-9A1E7A4F7556}") = "ConsoleApp", "ConsoleApp\ConsoleApp.csproj", "{65D3A430-8A42-43C1-8CC2-5CEF6CE0B744}"
EndProject
Global
	GlobalSection(SolutionConfigurationPlatforms) = preSolution
		Debug|Any CPU = Debug|Any CPU
		Release|Any CPU = Release|Any CPU
	EndGlobalSection
	GlobalSection(ProjectConfigurationPlatforms) = postSolution
		{65D3A430-8A42-43C1-8CC2-5CEF6CE0B744}.Debug|Any CPU.ActiveCfg = Debug|Any CPU
		{65D3A430-8A42-43C1-8CC2-5CEF6CE0B744}.Debug|Any CPU.Build.0 = Debug|Any CPU
		{65D3A430-8A42-43C1-8CC2-5CEF6CE0B744}.Release|Any CPU.ActiveCfg = Release|Any CPU
		{65D3A430-8A42-43C1-8CC2-5CEF6CE0B744}.Release|Any CPU.Build.0 = Release|Any CPU
	EndGlobalSection
	GlobalSection(SolutionProperties) = preSolution
		HideSolutionNode = FALSE
	EndGlobalSection
	GlobalSection(ExtensibilityGlobals) = postSolution
		SolutionGuid = {F50E8141-D001-4F87-A62E-6DF004413956}
	EndGlobalSection
EndGlobal
